
Microsoft Visual Studio Solution File, Format Version 12.00
# Visual Studio Version 17
VisualStudioVersion = 17.11.35431.28
MinimumVisualStudioVersion = 10.0.40219.1
Project("{2150E333-8FDC-42A3-9474-1A3956D46DE8}") = "SolutionItems", "SolutionItems", "{63B69C64-B3AB-4AF8-8C4E-B52039C94153}"
	ProjectSection(SolutionItems) = preProject
		..\.gitignore = ..\.gitignore
		..\readme.md = ..\readme.md
	EndProjectSection
EndProject
Project("{2150E333-8FDC-42A3-9474-1A3956D46DE8}") = ".github", ".github", "{80135B49-8752-4CB0-BE89-4EDD6975C7ED}"
EndProject
Project("{2150E333-8FDC-42A3-9474-1A3956D46DE8}") = "workflows", "workflows", "{7AA074A6-CA8F-4E3E-A751-CDD285DA74ED}"
	ProjectSection(SolutionItems) = preProject
		.github\workflows\build.yml = .github\workflows\build.yml
	EndProjectSection
EndProject
Project("{9A19103F-16F7-4668-BE54-9A1E7A4F7556}") = "ExampleDotnetApp", "ExampleDotnetApp\ExampleDotnetApp.csproj", "{085EBCD8-7F53-437B-B37E-7D5B95A91831}"
EndProject
Global
	GlobalSection(SolutionConfigurationPlatforms) = preSolution
		Debug|Any CPU = Debug|Any CPU
		Release|Any CPU = Release|Any CPU
	EndGlobalSection
	GlobalSection(ProjectConfigurationPlatforms) = postSolution
		{085EBCD8-7F53-437B-B37E-7D5B95A91831}.Debug|Any CPU.ActiveCfg = Debug|Any CPU
		{085EBCD8-7F53-437B-B37E-7D5B95A91831}.Debug|Any CPU.Build.0 = Debug|Any CPU
		{085EBCD8-7F53-437B-B37E-7D5B95A91831}.Release|Any CPU.ActiveCfg = Release|Any CPU
		{085EBCD8-7F53-437B-B37E-7D5B95A91831}.Release|Any CPU.Build.0 = Release|Any CPU
	EndGlobalSection
	GlobalSection(SolutionProperties) = preSolution
		HideSolutionNode = FALSE
	EndGlobalSection
	GlobalSection(NestedProjects) = preSolution
		{7AA074A6-CA8F-4E3E-A751-CDD285DA74ED} = {80135B49-8752-4CB0-BE89-4EDD6975C7ED}
	EndGlobalSection
	GlobalSection(ExtensibilityGlobals) = postSolution
		SolutionGuid = {3F1D9F48-5B72-4FAA-89EE-BEF41F17E935}
	EndGlobalSection
EndGlobal
